
Microsoft Visual Studio Solution File, Format Version 11.00
# Visual Studio 2010
Project("{FAE04EC0-301F-11D3-BF4B-00C04F79EFBC}") = "Ninjineer.AppDomainHost", "Ninjineer.AppDomainHost\Ninjineer.AppDomainHost.csproj", "{D0071DC5-2A32-4190-94B6-5EE437ACFE41}"
EndProject
Project("{FAE04EC0-301F-11D3-BF4B-00C04F79EFBC}") = "Ninjineer.AppDomainHost.Core", "Ninjineer.AppDomainHost.Core\Ninjineer.AppDomainHost.Core.csproj", "{EB997430-796B-4A60-AFDD-17CBAD6CADCB}"
EndProject
Global
	GlobalSection(SolutionConfigurationPlatforms) = preSolution
		Debug|Any CPU = Debug|Any CPU
		Debug|Mixed Platforms = Debug|Mixed Platforms
		Debug|x86 = Debug|x86
		Release|Any CPU = Release|Any CPU
		Release|Mixed Platforms = Release|Mixed Platforms
		Release|x86 = Release|x86
	EndGlobalSection
	GlobalSection(ProjectConfigurationPlatforms) = postSolution
		{D0071DC5-2A32-4190-94B6-5EE437ACFE41}.Debug|Any CPU.ActiveCfg = Debug|x86
		{D0071DC5-2A32-4190-94B6-5EE437ACFE41}.Debug|Mixed Platforms.ActiveCfg = Debug|x86
		{D0071DC5-2A32-4190-94B6-5EE437ACFE41}.Debug|Mixed Platforms.Build.0 = Debug|x86
		{D0071DC5-2A32-4190-94B6-5EE437ACFE41}.Debug|x86.ActiveCfg = Debug|x86
		{D0071DC5-2A32-4190-94B6-5EE437ACFE41}.Debug|x86.Build.0 = Debug|x86
		{D0071DC5-2A32-4190-94B6-5EE437ACFE41}.Release|Any CPU.ActiveCfg = Release|x86
		{D0071DC5-2A32-4190-94B6-5EE437ACFE41}.Release|Mixed Platforms.ActiveCfg = Release|x86
		{D0071DC5-2A32-4190-94B6-5EE437ACFE41}.Release|Mixed Platforms.Build.0 = Release|x86
		{D0071DC5-2A32-4190-94B6-5EE437ACFE41}.Release|x86.ActiveCfg = Release|x86
		{D0071DC5-2A32-4190-94B6-5EE437ACFE41}.Release|x86.Build.0 = Release|x86
		{EB997430-796B-4A60-AFDD-17CBAD6CADCB}.Debug|Any CPU.ActiveCfg = Debug|Any CPU
		{EB997430-796B-4A60-AFDD-17CBAD6CADCB}.Debug|Any CPU.Build.0 = Debug|Any CPU
		{EB997430-796B-4A60-AFDD-17CBAD6CADCB}.Debug|Mixed Platforms.ActiveCfg = Debug|Any CPU
		{EB997430-796B-4A60-AFDD-17CBAD6CADCB}.Debug|Mixed Platforms.Build.0 = Debug|Any CPU
		{EB997430-796B-4A60-AFDD-17CBAD6CADCB}.Debug|x86.ActiveCfg = Debug|Any CPU
		{EB997430-796B-4A60-AFDD-17CBAD6CADCB}.Release|Any CPU.ActiveCfg = Release|Any CPU
		{EB997430-796B-4A60-AFDD-17CBAD6CADCB}.Release|Any CPU.Build.0 = Release|Any CPU
		{EB997430-796B-4A60-AFDD-17CBAD6CADCB}.Release|Mixed Platforms.ActiveCfg = Release|Any CPU
		{EB997430-796B-4A60-AFDD-17CBAD6CADCB}.Release|Mixed Platforms.Build.0 = Release|Any CPU
		{EB997430-796B-4A60-AFDD-17CBAD6CADCB}.Release|x86.ActiveCfg = Release|Any CPU
	EndGlobalSection
	GlobalSection(SolutionProperties) = preSolution
		HideSolutionNode = FALSE
	EndGlobalSection
EndGlobal
